// !$*UTF8*$!
{
	archiveVersion = 1;
	classes = {
	};
	objectVersion = 50;
	objects = {

/* Begin PBXBuildFile section */
		300917FC25A0DB7100AD5AEB /* Movies_2App.swift in Sources */ = {isa = PBXBuildFile; fileRef = 300917FB25A0DB7100AD5AEB /* Movies_2App.swift */; };
		300917FE25A0DB7100AD5AEB /* ContentView.swift in Sources */ = {isa = PBXBuildFile; fileRef = 300917FD25A0DB7100AD5AEB /* ContentView.swift */; };
		3009180025A0DB7E00AD5AEB /* Assets.xcassets in Resources */ = {isa = PBXBuildFile; fileRef = 300917FF25A0DB7E00AD5AEB /* Assets.xcassets */; };
		3009180325A0DB7E00AD5AEB /* Preview Assets.xcassets in Resources */ = {isa = PBXBuildFile; fileRef = 3009180225A0DB7E00AD5AEB /* Preview Assets.xcassets */; };
		3009180C25A0E6A200AD5AEB /* MovieDetailView.swift in Sources */ = {isa = PBXBuildFile; fileRef = 3009180B25A0E6A100AD5AEB /* MovieDetailView.swift */; };
		3009181025A0F89F00AD5AEB /* Movie.swift in Sources */ = {isa = PBXBuildFile; fileRef = 3009180F25A0F89F00AD5AEB /* Movie.swift */; };
/* End PBXBuildFile section */

/* Begin PBXFileReference section */
		300917F825A0DB7000AD5AEB /* Movies#2.app */ = {isa = PBXFileReference; explicitFileType = wrapper.application; includeInIndex = 0; path = "Movies#2.app"; sourceTree = BUILT_PRODUCTS_DIR; };
		300917FB25A0DB7100AD5AEB /* Movies_2App.swift */ = {isa = PBXFileReference; lastKnownFileType = sourcecode.swift; path = Movies_2App.swift; sourceTree = "<group>"; };
		300917FD25A0DB7100AD5AEB /* ContentView.swift */ = {isa = PBXFileReference; lastKnownFileType = sourcecode.swift; path = ContentView.swift; sourceTree = "<group>"; };
		300917FF25A0DB7E00AD5AEB /* Assets.xcassets */ = {isa = PBXFileReference; lastKnownFileType = folder.assetcatalog; path = Assets.xcassets; sourceTree = "<group>"; };
		3009180225A0DB7E00AD5AEB /* Preview Assets.xcassets */ = {isa = PBXFileReference; lastKnownFileType = folder.assetcatalog; path = "Preview Assets.xcassets"; sourceTree = "<group>"; };
		3009180425A0DB7E00AD5AEB /* Info.plist */ = {isa = PBXFileReference; lastKnownFileType = text.plist.xml; path = Info.plist; sourceTree = "<group>"; };
		3009180B25A0E6A100AD5AEB /* MovieDetailView.swift */ = {isa = PBXFileReference; lastKnownFileType = sourcecode.swift; path = MovieDetailView.swift; sourceTree = "<group>"; };
		3009180F25A0F89F00AD5AEB /* Movie.swift */ = {isa = PBXFileReference; lastKnownFileType = sourcecode.swift; path = Movie.swift; sourceTree = "<group>"; };
/* End PBXFileReference section */

/* Begin PBXFrameworksBuildPhase section */
		300917F525A0DB7000AD5AEB /* Frameworks */ = {
			isa = PBXFrameworksBuildPhase;
			buildActionMask = 2147483647;
			files = (
			);
			runOnlyForDeploymentPostprocessing = 0;
		};
/* End PBXFrameworksBuildPhase section */

/* Begin PBXGroup section */
		300917EF25A0DB6F00AD5AEB = {
			isa = PBXGroup;
			children = (
				300917FA25A0DB7000AD5AEB /* Movies#2 */,
				300917F925A0DB7000AD5AEB /* Products */,
			);
			sourceTree = "<group>";
		};
		300917F925A0DB7000AD5AEB /* Products */ = {
			isa = PBXGroup;
			children = (
				300917F825A0DB7000AD5AEB /* Movies#2.app */,
			);
			name = Products;
			sourceTree = "<group>";
		};
		300917FA25A0DB7000AD5AEB /* Movies#2 */ = {
			isa = PBXGroup;
			children = (
				3009180E25A0F86F00AD5AEB /* Models */,
				300917FB25A0DB7100AD5AEB /* Movies_2App.swift */,
				300917FD25A0DB7100AD5AEB /* ContentView.swift */,
				3009180B25A0E6A100AD5AEB /* MovieDetailView.swift */,
				300917FF25A0DB7E00AD5AEB /* Assets.xcassets */,
				3009180425A0DB7E00AD5AEB /* Info.plist */,
				3009180125A0DB7E00AD5AEB /* Preview Content */,
			);
			path = "Movies#2";
			sourceTree = "<group>";
		};
		3009180125A0DB7E00AD5AEB /* Preview Content */ = {
			isa = PBXGroup;
			children = (
				3009180225A0DB7E00AD5AEB /* Preview Assets.xcassets */,
			);
			path = "Preview Content";
			sourceTree = "<group>";
		};
		3009180E25A0F86F00AD5AEB /* Models */ = {
			isa = PBXGroup;
			children = (
				3009180F25A0F89F00AD5AEB /* Movie.swift */,
			);
			path = Models;
			sourceTree = "<group>";
		};
/* End PBXGroup section */

/* Begin PBXNativeTarget section */
		300917F725A0DB7000AD5AEB /* Movies#2 */ = {
			isa = PBXNativeTarget;
			buildConfigurationList = 3009180725A0DB7F00AD5AEB /* Build configuration list for PBXNativeTarget "Movies#2" */;
			buildPhases = (
				300917F425A0DB7000AD5AEB /* Sources */,
				300917F525A0DB7000AD5AEB /* Frameworks */,
				300917F625A0DB7000AD5AEB /* Resources */,
			);
			buildRules = (
			);
			dependencies = (
			);
			name = "Movies#2";
			productName = "Movies#2";
			productReference = 300917F825A0DB7000AD5AEB /* Movies#2.app */;
			productType = "com.apple.product-type.application";
		};
/* End PBXNativeTarget section */

/* Begin PBXProject section */
		300917F025A0DB6F00AD5AEB /* Project object */ = {
			isa = PBXProject;
			attributes = {
				LastSwiftUpdateCheck = 1230;
				LastUpgradeCheck = 1230;
				TargetAttributes = {
					300917F725A0DB7000AD5AEB = {
						CreatedOnToolsVersion = 12.3;
					};
				};
			};
			buildConfigurationList = 300917F325A0DB6F00AD5AEB /* Build configuration list for PBXProject "Movies#2" */;
			compatibilityVersion = "Xcode 9.3";
			developmentRegion = en;
			hasScannedForEncodings = 0;
			knownRegions = (
				en,
				Base,
			);
			mainGroup = 300917EF25A0DB6F00AD5AEB;
			productRefGroup = 300917F925A0DB7000AD5AEB /* Products */;
			projectDirPath = "";
			projectRoot = "";
			targets = (
				300917F725A0DB7000AD5AEB /* Movies#2 */,
			);
		};
/* End PBXProject section */

/* Begin PBXResourcesBuildPhase section */
		300917F625A0DB7000AD5AEB /* Resources */ = {
			isa = PBXResourcesBuildPhase;
			buildActionMask = 2147483647;
			files = (
				3009180325A0DB7E00AD5AEB /* Preview Assets.xcassets in Resources */,
				3009180025A0DB7E00AD5AEB /* Assets.xcassets in Resources */,
			);
			runOnlyForDeploymentPostprocessing = 0;
		};
/* End PBXResourcesBuildPhase section */

/* Begin PBXSourcesBuildPhase section */
		300917F425A0DB7000AD5AEB /* Sources */ = {
			isa = PBXSourcesBuildPhase;
			buildActionMask = 2147483647;
			files = (
				3009180C25A0E6A200AD5AEB /* MovieDetailView.swift in Sources */,
				300917FE25A0DB7100AD5AEB /* ContentView.swift in Sources */,
				3009181025A0F89F00AD5AEB /* Movie.swift in Sources */,
				300917FC25A0DB7100AD5AEB /* Movies_2App.swift in Sources */,
			);
			runOnlyForDeploymentPostprocessing = 0;
		};
/* End PBXSourcesBuildPhase section */

/* Begin XCBuildConfiguration section */
		3009180525A0DB7E00AD5AEB /* Debug */ = {
			isa = XCBuildConfiguration;
			buildSettings = {
				ALWAYS_SEARCH_USER_PATHS = NO;
				CLANG_ANALYZER_NONNULL = YES;
				CLANG_ANALYZER_NUMBER_OBJECT_CONVERSION = YES_AGGRESSIVE;
				CLANG_CXX_LANGUAGE_STANDARD = "gnu++14";
				CLANG_CXX_LIBRARY = "libc++";
				CLANG_ENABLE_MODULES = YES;
				CLANG_ENABLE_OBJC_ARC = YES;
				CLANG_ENABLE_OBJC_WEAK = YES;
				CLANG_WARN_BLOCK_CAPTURE_AUTORELEASING = YES;
				CLANG_WARN_BOOL_CONVERSION = YES;
				CLANG_WARN_COMMA = YES;
				CLANG_WARN_CONSTANT_CONVERSION = YES;
				CLANG_WARN_DEPRECATED_OBJC_IMPLEMENTATIONS = YES;
				CLANG_WARN_DIRECT_OBJC_ISA_USAGE = YES_ERROR;
				CLANG_WARN_DOCUMENTATION_COMMENTS = YES;
				CLANG_WARN_EMPTY_BODY = YES;
				CLANG_WARN_ENUM_CONVERSION = YES;
				CLANG_WARN_INFINITE_RECURSION = YES;
				CLANG_WARN_INT_CONVERSION = YES;
				CLANG_WARN_NON_LITERAL_NULL_CONVERSION = YES;
				CLANG_WARN_OBJC_IMPLICIT_RETAIN_SELF = YES;
				CLANG_WARN_OBJC_LITERAL_CONVERSION = YES;
				CLANG_WARN_OBJC_ROOT_CLASS = YES_ERROR;
				CLANG_WARN_QUOTED_INCLUDE_IN_FRAMEWORK_HEADER = YES;
				CLANG_WARN_RANGE_LOOP_ANALYSIS = YES;
				CLANG_WARN_STRICT_PROTOTYPES = YES;
				CLANG_WARN_SUSPICIOUS_MOVE = YES;
				CLANG_WARN_UNGUARDED_AVAILABILITY = YES_AGGRESSIVE;
				CLANG_WARN_UNREACHABLE_CODE = YES;
				CLANG_WARN__DUPLICATE_METHOD_MATCH = YES;
				COPY_PHASE_STRIP = NO;
				DEBUG_INFORMATION_FORMAT = dwarf;
				ENABLE_STRICT_OBJC_MSGSEND = YES;
				ENABLE_TESTABILITY = YES;
				GCC_C_LANGUAGE_STANDARD = gnu11;
				GCC_DYNAMIC_NO_PIC = NO;
				GCC_NO_COMMON_BLOCKS = YES;
				GCC_OPTIMIZATION_LEVEL = 0;
				GCC_PREPROCESSOR_DEFINITIONS = (
					"DEBUG=1",
					"$(inherited)",
				);
				GCC_WARN_64_TO_32_BIT_CONVERSION = YES;
				GCC_WARN_ABOUT_RETURN_TYPE = YES_ERROR;
				GCC_WARN_UNDECLARED_SELECTOR = YES;
				GCC_WARN_UNINITIALIZED_AUTOS = YES_AGGRESSIVE;
				GCC_WARN_UNUSED_FUNCTION = YES;
				GCC_WARN_UNUSED_VARIABLE = YES;
				IPHONEOS_DEPLOYMENT_TARGET = 14.3;
				MTL_ENABLE_DEBUG_INFO = INCLUDE_SOURCE;
				MTL_FAST_MATH = YES;
				ONLY_ACTIVE_ARCH = YES;
				SDKROOT = iphoneos;
				SWIFT_ACTIVE_COMPILATION_CONDITIONS = DEBUG;
				SWIFT_OPTIMIZATION_LEVEL = "-Onone";
			};
			name = Debug;
		};
		3009180625A0DB7E00AD5AEB /* Release */ = {
			isa = XCBuildConfiguration;
			buildSettings = {
				ALWAYS_SEARCH_USER_PATHS = NO;
				CLANG_ANALYZER_NONNULL = YES;
				CLANG_ANALYZER_NUMBER_OBJECT_CONVERSION = YES_AGGRESSIVE;
				CLANG_CXX_LANGUAGE_STANDARD = "gnu++14";
				CLANG_CXX_LIBRARY = "libc++";
				CLANG_ENABLE_MODULES = YES;
				CLANG_ENABLE_OBJC_ARC = YES;
				CLANG_ENABLE_OBJC_WEAK = YES;
				CLANG_WARN_BLOCK_CAPTURE_AUTORELEASING = YES;
				CLANG_WARN_BOOL_CONVERSION = YES;
				CLANG_WARN_COMMA = YES;
				CLANG_WARN_CONSTANT_CONVERSION = YES;
				CLANG_WARN_DEPRECATED_OBJC_IMPLEMENTATIONS = YES;
				CLANG_WARN_DIRECT_OBJC_ISA_USAGE = YES_ERROR;
				CLANG_WARN_DOCUMENTATION_COMMENTS = YES;
				CLANG_WARN_EMPTY_BODY = YES;
				CLANG_WARN_ENUM_CONVERSION = YES;
				CLANG_WARN_INFINITE_RECURSION = YES;
				CLANG_WARN_INT_CONVERSION = YES;
				CLANG_WARN_NON_LITERAL_NULL_CONVERSION = YES;
				CLANG_WARN_OBJC_IMPLICIT_RETAIN_SELF = YES;
				CLANG_WARN_OBJC_LITERAL_CONVERSION = YES;
				CLANG_WARN_OBJC_ROOT_CLASS = YES_ERROR;
				CLANG_WARN_QUOTED_INCLUDE_IN_FRAMEWORK_HEADER = YES;
				CLANG_WARN_RANGE_LOOP_ANALYSIS = YES;
				CLANG_WARN_STRICT_PROTOTYPES = YES;
				CLANG_WARN_SUSPICIOUS_MOVE = YES;
				CLANG_WARN_UNGUARDED_AVAILABILITY = YES_AGGRESSIVE;
				CLANG_WARN_UNREACHABLE_CODE = YES;
				CLANG_WARN__DUPLICATE_METHOD_MATCH = YES;
				COPY_PHASE_STRIP = NO;
				DEBUG_INFORMATION_FORMAT = "dwarf-with-dsym";
				ENABLE_NS_ASSERTIONS = NO;
				ENABLE_STRICT_OBJC_MSGSEND = YES;
				GCC_C_LANGUAGE_STANDARD = gnu11;
				GCC_NO_COMMON_BLOCKS = YES;
				GCC_WARN_64_TO_32_BIT_CONVERSION = YES;
				GCC_WARN_ABOUT_RETURN_TYPE = YES_ERROR;
				GCC_WARN_UNDECLARED_SELECTOR = YES;
				GCC_WARN_UNINITIALIZED_AUTOS = YES_AGGRESSIVE;
				GCC_WARN_UNUSED_FUNCTION = YES;
				GCC_WARN_UNUSED_VARIABLE = YES;
				IPHONEOS_DEPLOYMENT_TARGET = 14.3;
				MTL_ENABLE_DEBUG_INFO = NO;
				MTL_FAST_MATH = YES;
				SDKROOT = iphoneos;
				SWIFT_COMPILATION_MODE = wholemodule;
				SWIFT_OPTIMIZATION_LEVEL = "-O";
				VALIDATE_PRODUCT = YES;
			};
			name = Release;
		};
		3009180825A0DB7F00AD5AEB /* Debug */ = {
			isa = XCBuildConfiguration;
			buildSettings = {
				ASSETCATALOG_COMPILER_APPICON_NAME = AppIcon;
				ASSETCATALOG_COMPILER_GLOBAL_ACCENT_COLOR_NAME = AccentColor;
				CODE_SIGN_STYLE = Automatic;
				DEVELOPMENT_ASSET_PATHS = "\"Movies#2/Preview Content\"";
				ENABLE_PREVIEWS = YES;
				INFOPLIST_FILE = "Movies#2/Info.plist";
				IPHONEOS_DEPLOYMENT_TARGET = 14.0;
				LD_RUNPATH_SEARCH_PATHS = (
					"$(inherited)",
					"@executable_path/Frameworks",
				);
				PRODUCT_BUNDLE_IDENTIFIER = "HananAD.Movies-2";
				PRODUCT_NAME = "$(TARGET_NAME)";
				SWIFT_VERSION = 5.0;
				TARGETED_DEVICE_FAMILY = "1,2";
			};
			name = Debug;
		};
		3009180925A0DB7F00AD5AEB /* Release */ = {
			isa = XCBuildConfiguration;
			buildSettings = {
				ASSETCATALOG_COMPILER_APPICON_NAME = AppIcon;
				ASSETCATALOG_COMPILER_GLOBAL_ACCENT_COLOR_NAME = AccentColor;
				CODE_SIGN_STYLE = Automatic;
				DEVELOPMENT_ASSET_PATHS = "\"Movies#2/Preview Content\"";
				ENABLE_PREVIEWS = YES;
				INFOPLIST_FILE = "Movies#2/Info.plist";
				IPHONEOS_DEPLOYMENT_TARGET = 14.0;
				LD_RUNPATH_SEARCH_PATHS = (
					"$(inherited)",
					"@executable_path/Frameworks",
				);
				PRODUCT_BUNDLE_IDENTIFIER = "HananAD.Movies-2";
				PRODUCT_NAME = "$(TARGET_NAME)";
				SWIFT_VERSION = 5.0;
				TARGETED_DEVICE_FAMILY = "1,2";
			};
			name = Release;
		};
/* End XCBuildConfiguration section */

/* Begin XCConfigurationList section */
		300917F325A0DB6F00AD5AEB /* Build configuration list for PBXProject "Movies#2" */ = {
			isa = XCConfigurationList;
			buildConfigurations = (
				3009180525A0DB7E00AD5AEB /* Debug */,
				3009180625A0DB7E00AD5AEB /* Release */,
			);
			defaultConfigurationIsVisible = 0;
			defaultConfigurationName = Release;
		};
		3009180725A0DB7F00AD5AEB /* Build configuration list for PBXNativeTarget "Movies#2" */ = {
			isa = XCConfigurationList;
			buildConfigurations = (
				3009180825A0DB7F00AD5AEB /* Debug */,
				3009180925A0DB7F00AD5AEB /* Release */,
			);
			defaultConfigurationIsVisible = 0;
			defaultConfigurationName = Release;
		};
/* End XCConfigurationList section */
	};
	rootObject = 300917F025A0DB6F00AD5AEB /* Project object */;
}
